
Microsoft Visual Studio Solution File, Format Version 12.00
# Visual Studio Version 17
VisualStudioVersion = 17.8.34004.107
MinimumVisualStudioVersion = 10.0.40219.1
Project("{FAE04EC0-301F-11D3-BF4B-00C04F79EFBC}") = "SistemaVenta.API", "SistemaVenta.API\SistemaVenta.API.csproj", "{F6CD676D-AF04-4F42-9400-4D57741012C0}"
EndProject
Project("{FAE04EC0-301F-11D3-BF4B-00C04F79EFBC}") = "SistemaVenta.DAL", "SistemaVenta.DAL\SistemaVenta.DAL.csproj", "{1ABF9715-4561-4206-8819-7DD8ABE85C41}"
EndProject
Project("{FAE04EC0-301F-11D3-BF4B-00C04F79EFBC}") = "SistemaVenta.BLL", "SistemaVenta.BLL\SistemaVenta.BLL.csproj", "{9FD9AD4B-7D85-4098-9013-0A159A95904F}"
EndProject
Project("{FAE04EC0-301F-11D3-BF4B-00C04F79EFBC}") = "SistemaVenta.Model", "SistemaVenta.Model\SistemaVenta.Model.csproj", "{DF020DA1-B18A-48D4-A602-FBC99BE9ABE7}"
EndProject
Project("{FAE04EC0-301F-11D3-BF4B-00C04F79EFBC}") = "SistemaVenta.IOC", "SistemaVenta.IOC\SistemaVenta.IOC.csproj", "{9DAC2530-5E41-4AFF-A067-45EF3DC578B8}"
EndProject
Project("{FAE04EC0-301F-11D3-BF4B-00C04F79EFBC}") = "SistemaVenta.DTO", "SistemaVenta.DTO\SistemaVenta.DTO.csproj", "{FF643D9C-CF8F-4CFF-AEF8-D989C7B51CCE}"
EndProject
Project("{FAE04EC0-301F-11D3-BF4B-00C04F79EFBC}") = "SistemaVenta.Utility", "SistemaVenta.Utility\SistemaVenta.Utility.csproj", "{2CB2F750-F54D-4A4A-A541-E41BA9CCBE10}"
EndProject
Project("{FAE04EC0-301F-11D3-BF4B-00C04F79EFBC}") = "SistemaVentaAPI.Tests", "SistemaVentaAPI.Tests\SistemaVentaAPI.Tests.csproj", "{15F92135-2614-4387-B357-42AAA90E7E1A}"
EndProject
Project("{2150E333-8FDC-42A3-9474-1A3956D46DE8}") = "Solution Folder", "Solution Folder", "{67716959-C308-4003-87A8-EC5308521F84}"
	ProjectSection(SolutionItems) = preProject
		Readme.md = Readme.md
	EndProjectSection
EndProject
Global
	GlobalSection(SolutionConfigurationPlatforms) = preSolution
		Debug|Any CPU = Debug|Any CPU
		Release|Any CPU = Release|Any CPU
	EndGlobalSection
	GlobalSection(ProjectConfigurationPlatforms) = postSolution
		{F6CD676D-AF04-4F42-9400-4D57741012C0}.Debug|Any CPU.ActiveCfg = Debug|Any CPU
		{F6CD676D-AF04-4F42-9400-4D57741012C0}.Debug|Any CPU.Build.0 = Debug|Any CPU
		{F6CD676D-AF04-4F42-9400-4D57741012C0}.Release|Any CPU.ActiveCfg = Release|Any CPU
		{F6CD676D-AF04-4F42-9400-4D57741012C0}.Release|Any CPU.Build.0 = Release|Any CPU
		{1ABF9715-4561-4206-8819-7DD8ABE85C41}.Debug|Any CPU.ActiveCfg = Debug|Any CPU
		{1ABF9715-4561-4206-8819-7DD8ABE85C41}.Debug|Any CPU.Build.0 = Debug|Any CPU
		{1ABF9715-4561-4206-8819-7DD8ABE85C41}.Release|Any CPU.ActiveCfg = Release|Any CPU
		{1ABF9715-4561-4206-8819-7DD8ABE85C41}.Release|Any CPU.Build.0 = Release|Any CPU
		{9FD9AD4B-7D85-4098-9013-0A159A95904F}.Debug|Any CPU.ActiveCfg = Debug|Any CPU
		{9FD9AD4B-7D85-4098-9013-0A159A95904F}.Debug|Any CPU.Build.0 = Debug|Any CPU
		{9FD9AD4B-7D85-4098-9013-0A159A95904F}.Release|Any CPU.ActiveCfg = Release|Any CPU
		{9FD9AD4B-7D85-4098-9013-0A159A95904F}.Release|Any CPU.Build.0 = Release|Any CPU
		{DF020DA1-B18A-48D4-A602-FBC99BE9ABE7}.Debug|Any CPU.ActiveCfg = Debug|Any CPU
		{DF020DA1-B18A-48D4-A602-FBC99BE9ABE7}.Debug|Any CPU.Build.0 = Debug|Any CPU
		{DF020DA1-B18A-48D4-A602-FBC99BE9ABE7}.Release|Any CPU.ActiveCfg = Release|Any CPU
		{DF020DA1-B18A-48D4-A602-FBC99BE9ABE7}.Release|Any CPU.Build.0 = Release|Any CPU
		{9DAC2530-5E41-4AFF-A067-45EF3DC578B8}.Debug|Any CPU.ActiveCfg = Debug|Any CPU
		{9DAC2530-5E41-4AFF-A067-45EF3DC578B8}.Debug|Any CPU.Build.0 = Debug|Any CPU
		{9DAC2530-5E41-4AFF-A067-45EF3DC578B8}.Release|Any CPU.ActiveCfg = Release|Any CPU
		{9DAC2530-5E41-4AFF-A067-45EF3DC578B8}.Release|Any CPU.Build.0 = Release|Any CPU
		{FF643D9C-CF8F-4CFF-AEF8-D989C7B51CCE}.Debug|Any CPU.ActiveCfg = Debug|Any CPU
		{FF643D9C-CF8F-4CFF-AEF8-D989C7B51CCE}.Debug|Any CPU.Build.0 = Debug|Any CPU
		{FF643D9C-CF8F-4CFF-AEF8-D989C7B51CCE}.Release|Any CPU.ActiveCfg = Release|Any CPU
		{FF643D9C-CF8F-4CFF-AEF8-D989C7B51CCE}.Release|Any CPU.Build.0 = Release|Any CPU
		{2CB2F750-F54D-4A4A-A541-E41BA9CCBE10}.Debug|Any CPU.ActiveCfg = Debug|Any CPU
		{2CB2F750-F54D-4A4A-A541-E41BA9CCBE10}.Debug|Any CPU.Build.0 = Debug|Any CPU
		{2CB2F750-F54D-4A4A-A541-E41BA9CCBE10}.Release|Any CPU.ActiveCfg = Release|Any CPU
		{2CB2F750-F54D-4A4A-A541-E41BA9CCBE10}.Release|Any CPU.Build.0 = Release|Any CPU
		{15F92135-2614-4387-B357-42AAA90E7E1A}.Debug|Any CPU.ActiveCfg = Debug|Any CPU
		{15F92135-2614-4387-B357-42AAA90E7E1A}.Debug|Any CPU.Build.0 = Debug|Any CPU
		{15F92135-2614-4387-B357-42AAA90E7E1A}.Release|Any CPU.ActiveCfg = Release|Any CPU
		{15F92135-2614-4387-B357-42AAA90E7E1A}.Release|Any CPU.Build.0 = Release|Any CPU
	EndGlobalSection
	GlobalSection(SolutionProperties) = preSolution
		HideSolutionNode = FALSE
	EndGlobalSection
	GlobalSection(ExtensibilityGlobals) = postSolution
		SolutionGuid = {EE625B29-CFAA-48BC-B418-7881A1840FD2}
	EndGlobalSection
EndGlobal
